// !$*UTF8*$!
{
	archiveVersion = 1;
	classes = {
	};
	objectVersion = 48;
	objects = {

/* Begin PBXBuildFile section */
		30F7F6C8200D9B8A008FDA26 /* AppDelegate.m in Sources */ = {isa = PBXBuildFile; fileRef = 30F7F6C7200D9B8A008FDA26 /* AppDelegate.m */; };
		30F7F6CB200D9B8A008FDA26 /* ViewController.m in Sources */ = {isa = PBXBuildFile; fileRef = 30F7F6CA200D9B8A008FDA26 /* ViewController.m */; };
		30F7F6CE200D9B8A008FDA26 /* Main.storyboard in Resources */ = {isa = PBXBuildFile; fileRef = 30F7F6CC200D9B8A008FDA26 /* Main.storyboard */; };
		30F7F6D0200D9B8A008FDA26 /* Assets.xcassets in Resources */ = {isa = PBXBuildFile; fileRef = 30F7F6CF200D9B8A008FDA26 /* Assets.xcassets */; };
		30F7F6D3200D9B8A008FDA26 /* LaunchScreen.storyboard in Resources */ = {isa = PBXBuildFile; fileRef = 30F7F6D1200D9B8A008FDA26 /* LaunchScreen.storyboard */; };
		30F7F6D6200D9B8A008FDA26 /* main.m in Sources */ = {isa = PBXBuildFile; fileRef = 30F7F6D5200D9B8A008FDA26 /* main.m */; };
		30F7F6E0200D9B8A008FDA26 /* TestHookTimeTests.m in Sources */ = {isa = PBXBuildFile; fileRef = 30F7F6DF200D9B8A008FDA26 /* TestHookTimeTests.m */; };
		30F7F6EB200D9B8A008FDA26 /* TestHookTimeUITests.m in Sources */ = {isa = PBXBuildFile; fileRef = 30F7F6EA200D9B8A008FDA26 /* TestHookTimeUITests.m */; };
		30F7F6FA200D9C04008FDA26 /* JFTClassFinder.m in Sources */ = {isa = PBXBuildFile; fileRef = 30F7F6F9200D9C04008FDA26 /* JFTClassFinder.m */; };
/* End PBXBuildFile section */

/* Begin PBXContainerItemProxy section */
		30F7F6DC200D9B8A008FDA26 /* PBXContainerItemProxy */ = {
			isa = PBXContainerItemProxy;
			containerPortal = 30F7F6BB200D9B8A008FDA26 /* Project object */;
			proxyType = 1;
			remoteGlobalIDString = 30F7F6C2200D9B8A008FDA26;
			remoteInfo = TestHookTime;
		};
		30F7F6E7200D9B8A008FDA26 /* PBXContainerItemProxy */ = {
			isa = PBXContainerItemProxy;
			containerPortal = 30F7F6BB200D9B8A008FDA26 /* Project object */;
			proxyType = 1;
			remoteGlobalIDString = 30F7F6C2200D9B8A008FDA26;
			remoteInfo = TestHookTime;
		};
/* End PBXContainerItemProxy section */

/* Begin PBXFileReference section */
		30F7F6C3200D9B8A008FDA26 /* TestHookTime.app */ = {isa = PBXFileReference; explicitFileType = wrapper.application; includeInIndex = 0; path = TestHookTime.app; sourceTree = BUILT_PRODUCTS_DIR; };
		30F7F6C6200D9B8A008FDA26 /* AppDelegate.h */ = {isa = PBXFileReference; lastKnownFileType = sourcecode.c.h; path = AppDelegate.h; sourceTree = "<group>"; };
		30F7F6C7200D9B8A008FDA26 /* AppDelegate.m */ = {isa = PBXFileReference; lastKnownFileType = sourcecode.c.objc; path = AppDelegate.m; sourceTree = "<group>"; };
		30F7F6C9200D9B8A008FDA26 /* ViewController.h */ = {isa = PBXFileReference; lastKnownFileType = sourcecode.c.h; path = ViewController.h; sourceTree = "<group>"; };
		30F7F6CA200D9B8A008FDA26 /* ViewController.m */ = {isa = PBXFileReference; lastKnownFileType = sourcecode.c.objc; path = ViewController.m; sourceTree = "<group>"; };
		30F7F6CD200D9B8A008FDA26 /* Base */ = {isa = PBXFileReference; lastKnownFileType = file.storyboard; name = Base; path = Base.lproj/Main.storyboard; sourceTree = "<group>"; };
		30F7F6CF200D9B8A008FDA26 /* Assets.xcassets */ = {isa = PBXFileReference; lastKnownFileType = folder.assetcatalog; path = Assets.xcassets; sourceTree = "<group>"; };
		30F7F6D2200D9B8A008FDA26 /* Base */ = {isa = PBXFileReference; lastKnownFileType = file.storyboard; name = Base; path = Base.lproj/LaunchScreen.storyboard; sourceTree = "<group>"; };
		30F7F6D4200D9B8A008FDA26 /* Info.plist */ = {isa = PBXFileReference; lastKnownFileType = text.plist.xml; path = Info.plist; sourceTree = "<group>"; };
		30F7F6D5200D9B8A008FDA26 /* main.m */ = {isa = PBXFileReference; lastKnownFileType = sourcecode.c.objc; path = main.m; sourceTree = "<group>"; };
		30F7F6DB200D9B8A008FDA26 /* TestHookTimeTests.xctest */ = {isa = PBXFileReference; explicitFileType = wrapper.cfbundle; includeInIndex = 0; path = TestHookTimeTests.xctest; sourceTree = BUILT_PRODUCTS_DIR; };
		30F7F6DF200D9B8A008FDA26 /* TestHookTimeTests.m */ = {isa = PBXFileReference; lastKnownFileType = sourcecode.c.objc; path = TestHookTimeTests.m; sourceTree = "<group>"; };
		30F7F6E1200D9B8A008FDA26 /* Info.plist */ = {isa = PBXFileReference; lastKnownFileType = text.plist.xml; path = Info.plist; sourceTree = "<group>"; };
		30F7F6E6200D9B8A008FDA26 /* TestHookTimeUITests.xctest */ = {isa = PBXFileReference; explicitFileType = wrapper.cfbundle; includeInIndex = 0; path = TestHookTimeUITests.xctest; sourceTree = BUILT_PRODUCTS_DIR; };
		30F7F6EA200D9B8A008FDA26 /* TestHookTimeUITests.m */ = {isa = PBXFileReference; lastKnownFileType = sourcecode.c.objc; path = TestHookTimeUITests.m; sourceTree = "<group>"; };
		30F7F6EC200D9B8A008FDA26 /* Info.plist */ = {isa = PBXFileReference; lastKnownFileType = text.plist.xml; path = Info.plist; sourceTree = "<group>"; };
		30F7F6F8200D9C04008FDA26 /* JFTClassFinder.h */ = {isa = PBXFileReference; lastKnownFileType = sourcecode.c.h; path = JFTClassFinder.h; sourceTree = "<group>"; };
		30F7F6F9200D9C04008FDA26 /* JFTClassFinder.m */ = {isa = PBXFileReference; lastKnownFileType = sourcecode.c.objc; path = JFTClassFinder.m; sourceTree = "<group>"; };
		30F7F6FB200DD37B008FDA26 /* README.md */ = {isa = PBXFileReference; lastKnownFileType = net.daringfireball.markdown; path = README.md; sourceTree = "<group>"; };
/* End PBXFileReference section */

/* Begin PBXFrameworksBuildPhase section */
		30F7F6C0200D9B8A008FDA26 /* Frameworks */ = {
			isa = PBXFrameworksBuildPhase;
			buildActionMask = 2147483647;
			files = (
			);
			runOnlyForDeploymentPostprocessing = 0;
		};
		30F7F6D8200D9B8A008FDA26 /* Frameworks */ = {
			isa = PBXFrameworksBuildPhase;
			buildActionMask = 2147483647;
			files = (
			);
			runOnlyForDeploymentPostprocessing = 0;
		};
		30F7F6E3200D9B8A008FDA26 /* Frameworks */ = {
			isa = PBXFrameworksBuildPhase;
			buildActionMask = 2147483647;
			files = (
			);
			runOnlyForDeploymentPostprocessing = 0;
		};
/* End PBXFrameworksBuildPhase section */

/* Begin PBXGroup section */
		30F7F6BA200D9B89008FDA26 = {
			isa = PBXGroup;
			children = (
				30F7F6C5200D9B8A008FDA26 /* TestHookTime */,
				30F7F6DE200D9B8A008FDA26 /* TestHookTimeTests */,
				30F7F6E9200D9B8A008FDA26 /* TestHookTimeUITests */,
				30F7F6C4200D9B8A008FDA26 /* Products */,
			);
			sourceTree = "<group>";
		};
		30F7F6C4200D9B8A008FDA26 /* Products */ = {
			isa = PBXGroup;
			children = (
				30F7F6C3200D9B8A008FDA26 /* TestHookTime.app */,
				30F7F6DB200D9B8A008FDA26 /* TestHookTimeTests.xctest */,
				30F7F6E6200D9B8A008FDA26 /* TestHookTimeUITests.xctest */,
			);
			name = Products;
			sourceTree = "<group>";
		};
		30F7F6C5200D9B8A008FDA26 /* TestHookTime */ = {
			isa = PBXGroup;
			children = (
				30F7F6C6200D9B8A008FDA26 /* AppDelegate.h */,
				30F7F6C7200D9B8A008FDA26 /* AppDelegate.m */,
				30F7F6C9200D9B8A008FDA26 /* ViewController.h */,
				30F7F6CA200D9B8A008FDA26 /* ViewController.m */,
				30F7F6CC200D9B8A008FDA26 /* Main.storyboard */,
				30F7F6CF200D9B8A008FDA26 /* Assets.xcassets */,
				30F7F6D1200D9B8A008FDA26 /* LaunchScreen.storyboard */,
				30F7F6D4200D9B8A008FDA26 /* Info.plist */,
				30F7F6D5200D9B8A008FDA26 /* main.m */,
				30F7F6F8200D9C04008FDA26 /* JFTClassFinder.h */,
				30F7F6F9200D9C04008FDA26 /* JFTClassFinder.m */,
				30F7F6FB200DD37B008FDA26 /* README.md */,
			);
			path = TestHookTime;
			sourceTree = "<group>";
		};
		30F7F6DE200D9B8A008FDA26 /* TestHookTimeTests */ = {
			isa = PBXGroup;
			children = (
				30F7F6DF200D9B8A008FDA26 /* TestHookTimeTests.m */,
				30F7F6E1200D9B8A008FDA26 /* Info.plist */,
			);
			path = TestHookTimeTests;
			sourceTree = "<group>";
		};
		30F7F6E9200D9B8A008FDA26 /* TestHookTimeUITests */ = {
			isa = PBXGroup;
			children = (
				30F7F6EA200D9B8A008FDA26 /* TestHookTimeUITests.m */,
				30F7F6EC200D9B8A008FDA26 /* Info.plist */,
			);
			path = TestHookTimeUITests;
			sourceTree = "<group>";
		};
/* End PBXGroup section */

/* Begin PBXNativeTarget section */
		30F7F6C2200D9B8A008FDA26 /* TestHookTime */ = {
			isa = PBXNativeTarget;
			buildConfigurationList = 30F7F6EF200D9B8A008FDA26 /* Build configuration list for PBXNativeTarget "TestHookTime" */;
			buildPhases = (
				30F7F6BF200D9B8A008FDA26 /* Sources */,
				30F7F6C0200D9B8A008FDA26 /* Frameworks */,
				30F7F6C1200D9B8A008FDA26 /* Resources */,
			);
			buildRules = (
			);
			dependencies = (
			);
			name = TestHookTime;
			productName = TestHookTime;
			productReference = 30F7F6C3200D9B8A008FDA26 /* TestHookTime.app */;
			productType = "com.apple.product-type.application";
		};
		30F7F6DA200D9B8A008FDA26 /* TestHookTimeTests */ = {
			isa = PBXNativeTarget;
			buildConfigurationList = 30F7F6F2200D9B8A008FDA26 /* Build configuration list for PBXNativeTarget "TestHookTimeTests" */;
			buildPhases = (
				30F7F6D7200D9B8A008FDA26 /* Sources */,
				30F7F6D8200D9B8A008FDA26 /* Frameworks */,
				30F7F6D9200D9B8A008FDA26 /* Resources */,
			);
			buildRules = (
			);
			dependencies = (
				30F7F6DD200D9B8A008FDA26 /* PBXTargetDependency */,
			);
			name = TestHookTimeTests;
			productName = TestHookTimeTests;
			productReference = 30F7F6DB200D9B8A008FDA26 /* TestHookTimeTests.xctest */;
			productType = "com.apple.product-type.bundle.unit-test";
		};
		30F7F6E5200D9B8A008FDA26 /* TestHookTimeUITests */ = {
			isa = PBXNativeTarget;
			buildConfigurationList = 30F7F6F5200D9B8A008FDA26 /* Build configuration list for PBXNativeTarget "TestHookTimeUITests" */;
			buildPhases = (
				30F7F6E2200D9B8A008FDA26 /* Sources */,
				30F7F6E3200D9B8A008FDA26 /* Frameworks */,
				30F7F6E4200D9B8A008FDA26 /* Resources */,
			);
			buildRules = (
			);
			dependencies = (
				30F7F6E8200D9B8A008FDA26 /* PBXTargetDependency */,
			);
			name = TestHookTimeUITests;
			productName = TestHookTimeUITests;
			productReference = 30F7F6E6200D9B8A008FDA26 /* TestHookTimeUITests.xctest */;
			productType = "com.apple.product-type.bundle.ui-testing";
		};
/* End PBXNativeTarget section */

/* Begin PBXProject section */
		30F7F6BB200D9B8A008FDA26 /* Project object */ = {
			isa = PBXProject;
			attributes = {
				LastUpgradeCheck = 0920;
				ORGANIZATIONNAME = syfll;
				TargetAttributes = {
					30F7F6C2200D9B8A008FDA26 = {
						CreatedOnToolsVersion = 9.2;
						ProvisioningStyle = Automatic;
					};
					30F7F6DA200D9B8A008FDA26 = {
						CreatedOnToolsVersion = 9.2;
						ProvisioningStyle = Automatic;
						TestTargetID = 30F7F6C2200D9B8A008FDA26;
					};
					30F7F6E5200D9B8A008FDA26 = {
						CreatedOnToolsVersion = 9.2;
						ProvisioningStyle = Automatic;
						TestTargetID = 30F7F6C2200D9B8A008FDA26;
					};
				};
			};
			buildConfigurationList = 30F7F6BE200D9B8A008FDA26 /* Build configuration list for PBXProject "TestHookTime" */;
			compatibilityVersion = "Xcode 8.0";
			developmentRegion = en;
			hasScannedForEncodings = 0;
			knownRegions = (
				en,
				Base,
			);
			mainGroup = 30F7F6BA200D9B89008FDA26;
			productRefGroup = 30F7F6C4200D9B8A008FDA26 /* Products */;
			projectDirPath = "";
			projectRoot = "";
			targets = (
				30F7F6C2200D9B8A008FDA26 /* TestHookTime */,
				30F7F6DA200D9B8A008FDA26 /* TestHookTimeTests */,
				30F7F6E5200D9B8A008FDA26 /* TestHookTimeUITests */,
			);
		};
/* End PBXProject section */

/* Begin PBXResourcesBuildPhase section */
		30F7F6C1200D9B8A008FDA26 /* Resources */ = {
			isa = PBXResourcesBuildPhase;
			buildActionMask = 2147483647;
			files = (
				30F7F6D3200D9B8A008FDA26 /* LaunchScreen.storyboard in Resources */,
				30F7F6D0200D9B8A008FDA26 /* Assets.xcassets in Resources */,
				30F7F6CE200D9B8A008FDA26 /* Main.storyboard in Resources */,
			);
			runOnlyForDeploymentPostprocessing = 0;
		};
		30F7F6D9200D9B8A008FDA26 /* Resources */ = {
			isa = PBXResourcesBuildPhase;
			buildActionMask = 2147483647;
			files = (
			);
			runOnlyForDeploymentPostprocessing = 0;
		};
		30F7F6E4200D9B8A008FDA26 /* Resources */ = {
			isa = PBXResourcesBuildPhase;
			buildActionMask = 2147483647;
			files = (
			);
			runOnlyForDeploymentPostprocessing = 0;
		};
/* End PBXResourcesBuildPhase section */

/* Begin PBXSourcesBuildPhase section */
		30F7F6BF200D9B8A008FDA26 /* Sources */ = {
			isa = PBXSourcesBuildPhase;
			buildActionMask = 2147483647;
			files = (
				30F7F6CB200D9B8A008FDA26 /* ViewController.m in Sources */,
				30F7F6FA200D9C04008FDA26 /* JFTClassFinder.m in Sources */,
				30F7F6D6200D9B8A008FDA26 /* main.m in Sources */,
				30F7F6C8200D9B8A008FDA26 /* AppDelegate.m in Sources */,
			);
			runOnlyForDeploymentPostprocessing = 0;
		};
		30F7F6D7200D9B8A008FDA26 /* Sources */ = {
			isa = PBXSourcesBuildPhase;
			buildActionMask = 2147483647;
			files = (
				30F7F6E0200D9B8A008FDA26 /* TestHookTimeTests.m in Sources */,
			);
			runOnlyForDeploymentPostprocessing = 0;
		};
		30F7F6E2200D9B8A008FDA26 /* Sources */ = {
			isa = PBXSourcesBuildPhase;
			buildActionMask = 2147483647;
			files = (
				30F7F6EB200D9B8A008FDA26 /* TestHookTimeUITests.m in Sources */,
			);
			runOnlyForDeploymentPostprocessing = 0;
		};
/* End PBXSourcesBuildPhase section */

/* Begin PBXTargetDependency section */
		30F7F6DD200D9B8A008FDA26 /* PBXTargetDependency */ = {
			isa = PBXTargetDependency;
			target = 30F7F6C2200D9B8A008FDA26 /* TestHookTime */;
			targetProxy = 30F7F6DC200D9B8A008FDA26 /* PBXContainerItemProxy */;
		};
		30F7F6E8200D9B8A008FDA26 /* PBXTargetDependency */ = {
			isa = PBXTargetDependency;
			target = 30F7F6C2200D9B8A008FDA26 /* TestHookTime */;
			targetProxy = 30F7F6E7200D9B8A008FDA26 /* PBXContainerItemProxy */;
		};
/* End PBXTargetDependency section */

/* Begin PBXVariantGroup section */
		30F7F6CC200D9B8A008FDA26 /* Main.storyboard */ = {
			isa = PBXVariantGroup;
			children = (
				30F7F6CD200D9B8A008FDA26 /* Base */,
			);
			name = Main.storyboard;
			sourceTree = "<group>";
		};
		30F7F6D1200D9B8A008FDA26 /* LaunchScreen.storyboard */ = {
			isa = PBXVariantGroup;
			children = (
				30F7F6D2200D9B8A008FDA26 /* Base */,
			);
			name = LaunchScreen.storyboard;
			sourceTree = "<group>";
		};
/* End PBXVariantGroup section */

/* Begin XCBuildConfiguration section */
		30F7F6ED200D9B8A008FDA26 /* Debug */ = {
			isa = XCBuildConfiguration;
			buildSettings = {
				ALWAYS_SEARCH_USER_PATHS = NO;
				CLANG_ANALYZER_NONNULL = YES;
				CLANG_ANALYZER_NUMBER_OBJECT_CONVERSION = YES_AGGRESSIVE;
				CLANG_CXX_LANGUAGE_STANDARD = "gnu++14";
				CLANG_CXX_LIBRARY = "libc++";
				CLANG_ENABLE_MODULES = YES;
				CLANG_ENABLE_OBJC_ARC = YES;
				CLANG_WARN_BLOCK_CAPTURE_AUTORELEASING = YES;
				CLANG_WARN_BOOL_CONVERSION = YES;
				CLANG_WARN_COMMA = YES;
				CLANG_WARN_CONSTANT_CONVERSION = YES;
				CLANG_WARN_DIRECT_OBJC_ISA_USAGE = YES_ERROR;
				CLANG_WARN_DOCUMENTATION_COMMENTS = YES;
				CLANG_WARN_EMPTY_BODY = YES;
				CLANG_WARN_ENUM_CONVERSION = YES;
				CLANG_WARN_INFINITE_RECURSION = YES;
				CLANG_WARN_INT_CONVERSION = YES;
				CLANG_WARN_NON_LITERAL_NULL_CONVERSION = YES;
				CLANG_WARN_OBJC_LITERAL_CONVERSION = YES;
				CLANG_WARN_OBJC_ROOT_CLASS = YES_ERROR;
				CLANG_WARN_RANGE_LOOP_ANALYSIS = YES;
				CLANG_WARN_STRICT_PROTOTYPES = YES;
				CLANG_WARN_SUSPICIOUS_MOVE = YES;
				CLANG_WARN_UNGUARDED_AVAILABILITY = YES_AGGRESSIVE;
				CLANG_WARN_UNREACHABLE_CODE = YES;
				CLANG_WARN__DUPLICATE_METHOD_MATCH = YES;
				CODE_SIGN_IDENTITY = "iPhone Developer";
				COPY_PHASE_STRIP = NO;
				DEBUG_INFORMATION_FORMAT = dwarf;
				ENABLE_STRICT_OBJC_MSGSEND = YES;
				ENABLE_TESTABILITY = YES;
				GCC_C_LANGUAGE_STANDARD = gnu11;
				GCC_DYNAMIC_NO_PIC = NO;
				GCC_NO_COMMON_BLOCKS = YES;
				GCC_OPTIMIZATION_LEVEL = 0;
				GCC_PREPROCESSOR_DEFINITIONS = (
					"DEBUG=1",
					"$(inherited)",
				);
				GCC_WARN_64_TO_32_BIT_CONVERSION = YES;
				GCC_WARN_ABOUT_RETURN_TYPE = YES_ERROR;
				GCC_WARN_UNDECLARED_SELECTOR = YES;
				GCC_WARN_UNINITIALIZED_AUTOS = YES_AGGRESSIVE;
				GCC_WARN_UNUSED_FUNCTION = YES;
				GCC_WARN_UNUSED_VARIABLE = YES;
				IPHONEOS_DEPLOYMENT_TARGET = 11.2;
				MTL_ENABLE_DEBUG_INFO = YES;
				ONLY_ACTIVE_ARCH = YES;
				SDKROOT = iphoneos;
			};
			name = Debug;
		};
		30F7F6EE200D9B8A008FDA26 /* Release */ = {
			isa = XCBuildConfiguration;
			buildSettings = {
				ALWAYS_SEARCH_USER_PATHS = NO;
				CLANG_ANALYZER_NONNULL = YES;
				CLANG_ANALYZER_NUMBER_OBJECT_CONVERSION = YES_AGGRESSIVE;
				CLANG_CXX_LANGUAGE_STANDARD = "gnu++14";
				CLANG_CXX_LIBRARY = "libc++";
				CLANG_ENABLE_MODULES = YES;
				CLANG_ENABLE_OBJC_ARC = YES;
				CLANG_WARN_BLOCK_CAPTURE_AUTORELEASING = YES;
				CLANG_WARN_BOOL_CONVERSION = YES;
				CLANG_WARN_COMMA = YES;
				CLANG_WARN_CONSTANT_CONVERSION = YES;
				CLANG_WARN_DIRECT_OBJC_ISA_USAGE = YES_ERROR;
				CLANG_WARN_DOCUMENTATION_COMMENTS = YES;
				CLANG_WARN_EMPTY_BODY = YES;
				CLANG_WARN_ENUM_CONVERSION = YES;
				CLANG_WARN_INFINITE_RECURSION = YES;
				CLANG_WARN_INT_CONVERSION = YES;
				CLANG_WARN_NON_LITERAL_NULL_CONVERSION = YES;
				CLANG_WARN_OBJC_LITERAL_CONVERSION = YES;
				CLANG_WARN_OBJC_ROOT_CLASS = YES_ERROR;
				CLANG_WARN_RANGE_LOOP_ANALYSIS = YES;
				CLANG_WARN_STRICT_PROTOTYPES = YES;
				CLANG_WARN_SUSPICIOUS_MOVE = YES;
				CLANG_WARN_UNGUARDED_AVAILABILITY = YES_AGGRESSIVE;
				CLANG_WARN_UNREACHABLE_CODE = YES;
				CLANG_WARN__DUPLICATE_METHOD_MATCH = YES;
				CODE_SIGN_IDENTITY = "iPhone Developer";
				COPY_PHASE_STRIP = NO;
				DEBUG_INFORMATION_FORMAT = "dwarf-with-dsym";
				ENABLE_NS_ASSERTIONS = NO;
				ENABLE_STRICT_OBJC_MSGSEND = YES;
				GCC_C_LANGUAGE_STANDARD = gnu11;
				GCC_NO_COMMON_BLOCKS = YES;
				GCC_WARN_64_TO_32_BIT_CONVERSION = YES;
				GCC_WARN_ABOUT_RETURN_TYPE = YES_ERROR;
				GCC_WARN_UNDECLARED_SELECTOR = YES;
				GCC_WARN_UNINITIALIZED_AUTOS = YES_AGGRESSIVE;
				GCC_WARN_UNUSED_FUNCTION = YES;
				GCC_WARN_UNUSED_VARIABLE = YES;
				IPHONEOS_DEPLOYMENT_TARGET = 11.2;
				MTL_ENABLE_DEBUG_INFO = NO;
				SDKROOT = iphoneos;
				VALIDATE_PRODUCT = YES;
			};
			name = Release;
		};
		30F7F6F0200D9B8A008FDA26 /* Debug */ = {
			isa = XCBuildConfiguration;
			buildSettings = {
				ASSETCATALOG_COMPILER_APPICON_NAME = AppIcon;
				CODE_SIGN_STYLE = Automatic;
				INFOPLIST_FILE = TestHookTime/Info.plist;
				LD_RUNPATH_SEARCH_PATHS = "$(inherited) @executable_path/Frameworks";
				PRODUCT_BUNDLE_IDENTIFIER = dianping.TestHookTime;
				PRODUCT_NAME = "$(TARGET_NAME)";
				TARGETED_DEVICE_FAMILY = "1,2";
			};
			name = Debug;
		};
		30F7F6F1200D9B8A008FDA26 /* Release */ = {
			isa = XCBuildConfiguration;
			buildSettings = {
				ASSETCATALOG_COMPILER_APPICON_NAME = AppIcon;
				CODE_SIGN_STYLE = Automatic;
				INFOPLIST_FILE = TestHookTime/Info.plist;
				LD_RUNPATH_SEARCH_PATHS = "$(inherited) @executable_path/Frameworks";
				PRODUCT_BUNDLE_IDENTIFIER = dianping.TestHookTime;
				PRODUCT_NAME = "$(TARGET_NAME)";
				TARGETED_DEVICE_FAMILY = "1,2";
			};
			name = Release;
		};
		30F7F6F3200D9B8A008FDA26 /* Debug */ = {
			isa = XCBuildConfiguration;
			buildSettings = {
				BUNDLE_LOADER = "$(TEST_HOST)";
				CODE_SIGN_STYLE = Automatic;
				INFOPLIST_FILE = TestHookTimeTests/Info.plist;
				LD_RUNPATH_SEARCH_PATHS = "$(inherited) @executable_path/Frameworks @loader_path/Frameworks";
				PRODUCT_BUNDLE_IDENTIFIER = dianping.TestHookTimeTests;
				PRODUCT_NAME = "$(TARGET_NAME)";
				TARGETED_DEVICE_FAMILY = "1,2";
				TEST_HOST = "$(BUILT_PRODUCTS_DIR)/TestHookTime.app/TestHookTime";
			};
			name = Debug;
		};
		30F7F6F4200D9B8A008FDA26 /* Release */ = {
			isa = XCBuildConfiguration;
			buildSettings = {
				BUNDLE_LOADER = "$(TEST_HOST)";
				CODE_SIGN_STYLE = Automatic;
				INFOPLIST_FILE = TestHookTimeTests/Info.plist;
				LD_RUNPATH_SEARCH_PATHS = "$(inherited) @executable_path/Frameworks @loader_path/Frameworks";
				PRODUCT_BUNDLE_IDENTIFIER = dianping.TestHookTimeTests;
				PRODUCT_NAME = "$(TARGET_NAME)";
				TARGETED_DEVICE_FAMILY = "1,2";
				TEST_HOST = "$(BUILT_PRODUCTS_DIR)/TestHookTime.app/TestHookTime";
			};
			name = Release;
		};
		30F7F6F6200D9B8A008FDA26 /* Debug */ = {
			isa = XCBuildConfiguration;
			buildSettings = {
				CODE_SIGN_STYLE = Automatic;
				INFOPLIST_FILE = TestHookTimeUITests/Info.plist;
				LD_RUNPATH_SEARCH_PATHS = "$(inherited) @executable_path/Frameworks @loader_path/Frameworks";
				PRODUCT_BUNDLE_IDENTIFIER = dianping.TestHookTimeUITests;
				PRODUCT_NAME = "$(TARGET_NAME)";
				TARGETED_DEVICE_FAMILY = "1,2";
				TEST_TARGET_NAME = TestHookTime;
			};
			name = Debug;
		};
		30F7F6F7200D9B8A008FDA26 /* Release */ = {
			isa = XCBuildConfiguration;
			buildSettings = {
				CODE_SIGN_STYLE = Automatic;
				INFOPLIST_FILE = TestHookTimeUITests/Info.plist;
				LD_RUNPATH_SEARCH_PATHS = "$(inherited) @executable_path/Frameworks @loader_path/Frameworks";
				PRODUCT_BUNDLE_IDENTIFIER = dianping.TestHookTimeUITests;
				PRODUCT_NAME = "$(TARGET_NAME)";
				TARGETED_DEVICE_FAMILY = "1,2";
				TEST_TARGET_NAME = TestHookTime;
			};
			name = Release;
		};
/* End XCBuildConfiguration section */

/* Begin XCConfigurationList section */
		30F7F6BE200D9B8A008FDA26 /* Build configuration list for PBXProject "TestHookTime" */ = {
			isa = XCConfigurationList;
			buildConfigurations = (
				30F7F6ED200D9B8A008FDA26 /* Debug */,
				30F7F6EE200D9B8A008FDA26 /* Release */,
			);
			defaultConfigurationIsVisible = 0;
			defaultConfigurationName = Release;
		};
		30F7F6EF200D9B8A008FDA26 /* Build configuration list for PBXNativeTarget "TestHookTime" */ = {
			isa = XCConfigurationList;
			buildConfigurations = (
				30F7F6F0200D9B8A008FDA26 /* Debug */,
				30F7F6F1200D9B8A008FDA26 /* Release */,
			);
			defaultConfigurationIsVisible = 0;
			defaultConfigurationName = Release;
		};
		30F7F6F2200D9B8A008FDA26 /* Build configuration list for PBXNativeTarget "TestHookTimeTests" */ = {
			isa = XCConfigurationList;
			buildConfigurations = (
				30F7F6F3200D9B8A008FDA26 /* Debug */,
				30F7F6F4200D9B8A008FDA26 /* Release */,
			);
			defaultConfigurationIsVisible = 0;
			defaultConfigurationName = Release;
		};
		30F7F6F5200D9B8A008FDA26 /* Build configuration list for PBXNativeTarget "TestHookTimeUITests" */ = {
			isa = XCConfigurationList;
			buildConfigurations = (
				30F7F6F6200D9B8A008FDA26 /* Debug */,
				30F7F6F7200D9B8A008FDA26 /* Release */,
			);
			defaultConfigurationIsVisible = 0;
			defaultConfigurationName = Release;
		};
/* End XCConfigurationList section */
	};
	rootObject = 30F7F6BB200D9B8A008FDA26 /* Project object */;
}
